
Microsoft Visual Studio Solution File, Format Version 12.00
# Visual Studio Version 17
VisualStudioVersion = 17.5.33530.505
MinimumVisualStudioVersion = 10.0.40219.1
Project("{FAE04EC0-301F-11D3-BF4B-00C04F79EFBC}") = "WebUI", "WebUI\WebUI.csproj", "{984D9F6C-829E-438C-A80C-4FF1A397AAD7}"
EndProject
Global
	GlobalSection(SolutionConfigurationPlatforms) = preSolution
		Debug|Any CPU = Debug|Any CPU
		Release|Any CPU = Release|Any CPU
	EndGlobalSection
	GlobalSection(ProjectConfigurationPlatforms) = postSolution
		{984D9F6C-829E-438C-A80C-4FF1A397AAD7}.Debug|Any CPU.ActiveCfg = Debug|Any CPU
		{984D9F6C-829E-438C-A80C-4FF1A397AAD7}.Debug|Any CPU.Build.0 = Debug|Any CPU
		{984D9F6C-829E-438C-A80C-4FF1A397AAD7}.Release|Any CPU.ActiveCfg = Release|Any CPU
		{984D9F6C-829E-438C-A80C-4FF1A397AAD7}.Release|Any CPU.Build.0 = Release|Any CPU
	EndGlobalSection
	GlobalSection(SolutionProperties) = preSolution
		HideSolutionNode = FALSE
	EndGlobalSection
	GlobalSection(ExtensibilityGlobals) = postSolution
		SolutionGuid = {64FE917D-58FB-44A6-A082-0E736D883417}
	EndGlobalSection
EndGlobal
